<Solution>
  <Folder Name="/src/">
    <Project Path="src/StudentCoursePlatform.Api/StudentCoursePlatform.Api.csproj" />
    <Project Path="src/StudentCoursePlatform.Application/StudentCoursePlatform.Application.csproj" />
    <Project Path="src/StudentCoursePlatform.Domain/StudentCoursePlatform.Domain.csproj" />
    <Project Path="src/StudentCoursePlatform.Infrastructure/StudentCoursePlatform.Infrastructure.csproj" />
  </Folder>
</Solution>
